<?xml version="1.0" encoding="utf-8"?>
<Project ToolsVersion="4.0" xmlns="http://schemas.microsoft.com/developer/msbuild/2003">
  <ItemGroup>
    <Filter Include="Headers">
      <UniqueIdentifier>{2ccbb225-9f48-4705-911f-b73f3b0bb7d5}</UniqueIdentifier>
    </Filter>
    <Filter Include="Sources">
      <UniqueIdentifier>{47279b7e-be92-4c7b-9d82-edbceac21fa0}</UniqueIdentifier>
    </Filter>
    <Filter Include="Headers\utils">
      <UniqueIdentifier>{d9e09833-c7d9-4845-85da-107d8d9433cb}</UniqueIdentifier>
    </Filter>
    <Filter Include="Sources\Libraries">
      <UniqueIdentifier>{1b7cfd87-cc6f-45da-847a-931bd8273830}</UniqueIdentifier>
    </Filter>
    <Filter Include="Headers\utils\CUDA">
      <UniqueIdentifier>{45b0fcfe-62df-4731-800e-0d9c100845ff}</UniqueIdentifier>
    </Filter>
    <Filter Include="Shaders">
      <UniqueIdentifier>{1a0ddd0a-3d06-43e0-adf8-395baa1fc904}</UniqueIdentifier>
    </Filter>
    <Filter Include="Headers\runners">
      <UniqueIdentifier>{22879f43-bb85-4f5b-a04c-12e786d63f48}</UniqueIdentifier>
    </Filter>
    <Filter Include="Sources\Runners">
      <UniqueIdentifier>{dad3d1af-7ecd-4edc-8cf9-b86ddcf0e5e9}</UniqueIdentifier>
    </Filter>
    <Filter Include="Sources\old">
      <UniqueIdentifier>{fba5e1c9-c265-4a66-bf44-517fe14b7dd1}</UniqueIdentifier>
    </Filter>
    <Filter Include="Shaders\vao">
      <UniqueIdentifier>{9d66c67a-5c08-47ac-b2a9-f2ab7047d414}</UniqueIdentifier>
    </Filter>
    <Filter Include="Shaders\basic">
      <UniqueIdentifier>{5871c121-0d08-4f76-a706-9a505c7ece9d}</UniqueIdentifier>
    </Filter>
    <Filter Include="Shaders\ssbo">
      <UniqueIdentifier>{3b3d6ae5-586e-4b21-846a-9945c92f6a4d}</UniqueIdentifier>
    </Filter>
    <Filter Include="Headers\runners\ssbo_runners">
      <UniqueIdentifier>{ec27ce8f-df61-4142-9590-df6a6ca3f078}</UniqueIdentifier>
    </Filter>
    <Filter Include="Headers\runners\vao_runners">
      <UniqueIdentifier>{9f8f2811-57b2-408e-b597-3b05007c573f}</UniqueIdentifier>
    </Filter>
    <Filter Include="Sources\Runners\ssbo_runners">
      <UniqueIdentifier>{6831866f-e981-44f6-9d5a-e3f42037cff6}</UniqueIdentifier>
    </Filter>
    <Filter Include="Sources\Runners\vao_runners">
      <UniqueIdentifier>{1baf4d36-49d1-4f2b-b192-4aa0b1e7c10d}</UniqueIdentifier>
    </Filter>
    <Filter Include="Sources\Libraries\imgui">
      <UniqueIdentifier>{d02bb1a4-2f74-45da-8608-4a93d637ac97}</UniqueIdentifier>
    </Filter>
    <Filter Include="Headers\runners\behaviours">
      <UniqueIdentifier>{b85cc323-b88c-402f-9b9a-54d35f721a80}</UniqueIdentifier>
    </Filter>
  </ItemGroup>
  <ItemGroup>
    <ClInclude Include="utils\window.h">
      <Filter>Headers\utils</Filter>
    </ClInclude>
    <ClInclude Include="utils\mesh.h">
      <Filter>Headers\utils</Filter>
    </ClInclude>
    <ClInclude Include="utils\CUDA\cudaGLmanager.h">
      <Filter>Headers\utils\CUDA</Filter>
    </ClInclude>
    <ClInclude Include="utils\CUDA\vector_math.h">
      <Filter>Headers\utils\CUDA</Filter>
    </ClInclude>
    <ClInclude Include="utils\utils.h">
      <Filter>Headers\utils</Filter>
    </ClInclude>
    <ClInclude Include="runners\boid_runner.h">
      <Filter>Headers\runners</Filter>
    </ClInclude>
    <ClInclude Include="runners\ssbo_runner.h">
      <Filter>Headers\runners</Filter>
    </ClInclude>
    <ClInclude Include="runners\vao_runner.h">
      <Filter>Headers\runners</Filter>
    </ClInclude>
    <ClInclude Include="runners\gpu_ssbo.h">
      <Filter>Headers\runners\ssbo_runners</Filter>
    </ClInclude>
    <ClInclude Include="runners\cpu_ssbo.h">
      <Filter>Headers\runners\ssbo_runners</Filter>
    </ClInclude>
    <ClInclude Include="runners\cpu_vao.h">
      <Filter>Headers\runners\vao_runners</Filter>
    </ClInclude>
    <ClInclude Include="runners\gpu_vao.h">
      <Filter>Headers\runners\vao_runners</Filter>
    </ClInclude>
    <ClInclude Include="utils\shader.h">
      <Filter>Headers\utils</Filter>
    </ClInclude>
    <ClInclude Include="utils\orbit_camera.h">
      <Filter>Headers\utils</Filter>
    </ClInclude>
    <ClInclude Include="utils\camera.h">
      <Filter>Headers\utils</Filter>
    </ClInclude>
    <ClInclude Include="runners\cpu_boid_behaviours.h">
      <Filter>Headers\runners\behaviours</Filter>
    </ClInclude>
    <ClInclude Include="runners\behaviour_utils.h">
      <Filter>Headers\runners\behaviours</Filter>
    </ClInclude>
  </ItemGroup>
  <ItemGroup>
    <CudaCompile Include="old_main2.cpp">
      <Filter>Sources\old</Filter>
    </CudaCompile>
    <CudaCompile Include="old_main.cpp">
      <Filter>Sources\old</Filter>
    </CudaCompile>
    <CudaCompile Include="runners\gpu_ssbo.cpp">
      <Filter>Sources\Runners\ssbo_runners</Filter>
    </CudaCompile>
    <CudaCompile Include="runners\gpu_vao.cpp">
      <Filter>Sources\Runners\vao_runners</Filter>
    </CudaCompile>
    <CudaCompile Include="quick_tests.cpp">
      <Filter>Sources</Filter>
    </CudaCompile>
    <CudaCompile Include="utils\CUDA\cuda_utils.h">
      <Filter>Headers\utils\CUDA</Filter>
    </CudaCompile>
    <CudaCompile Include="Main.cpp">
      <Filter>Sources</Filter>
    </CudaCompile>
    <CudaCompile Include="runners\cpu_ssbo.cpp">
      <Filter>Sources\Runners\ssbo_runners</Filter>
    </CudaCompile>
    <CudaCompile Include="runners\gpu_boid_behaviours.h">
      <Filter>Headers\runners\behaviours</Filter>
    </CudaCompile>
  </ItemGroup>
  <ItemGroup>
    <ClCompile Include="..\..\..\Libraries\glad\glad.c">
      <Filter>Sources\Libraries</Filter>
    </ClCompile>
    <ClCompile Include="runners\cpu_vao.cpp">
      <Filter>Sources\Runners\vao_runners</Filter>
    </ClCompile>
    <ClCompile Include="F:\Libraries\imgui-1.88\imgui.cpp">
      <Filter>Sources\Libraries\imgui</Filter>
    </ClCompile>
    <ClCompile Include="F:\Libraries\imgui-1.88\imgui_draw.cpp">
      <Filter>Sources\Libraries\imgui</Filter>
    </ClCompile>
    <ClCompile Include="F:\Libraries\imgui-1.88\backends\imgui_impl_opengl3.cpp">
      <Filter>Sources\Libraries\imgui</Filter>
    </ClCompile>
    <ClCompile Include="F:\Libraries\imgui-1.88\backends\imgui_impl_glfw.cpp">
      <Filter>Sources\Libraries\imgui</Filter>
    </ClCompile>
    <ClCompile Include="F:\Libraries\imgui-1.88\imgui_tables.cpp">
      <Filter>Sources\Libraries\imgui</Filter>
    </ClCompile>
    <ClCompile Include="F:\Libraries\imgui-1.88\imgui_widgets.cpp">
      <Filter>Sources\Libraries\imgui</Filter>
    </ClCompile>
  </ItemGroup>
  <ItemGroup>
    <None Include="shaders\ssbo.vert">
      <Filter>Shaders\ssbo</Filter>
    </None>
    <None Include="shaders\basic.vert">
      <Filter>Shaders\basic</Filter>
    </None>
    <None Include="shaders\basic.frag">
      <Filter>Shaders\basic</Filter>
    </None>
    <None Include="shaders\basic.geom">
      <Filter>Shaders\basic</Filter>
    </None>
    <None Include="shaders\vao.geom">
      <Filter>Shaders\vao</Filter>
    </None>
    <None Include="shaders\vao.vert">
      <Filter>Shaders\vao</Filter>
    </None>
    <None Include="shaders\mvp.vert">
      <Filter>Shaders\basic</Filter>
    </None>
  </ItemGroup>
</Project>