<?xml version="1.0" encoding="utf-8"?>
<Project ToolsVersion="4.0" xmlns="http://schemas.microsoft.com/developer/msbuild/2003">
  <ItemGroup>
    <Filter Include="Headers">
      <UniqueIdentifier>{2ccbb225-9f48-4705-911f-b73f3b0bb7d5}</UniqueIdentifier>
    </Filter>
    <Filter Include="Sources">
      <UniqueIdentifier>{47279b7e-be92-4c7b-9d82-edbceac21fa0}</UniqueIdentifier>
    </Filter>
    <Filter Include="Headers\utils">
      <UniqueIdentifier>{d9e09833-c7d9-4845-85da-107d8d9433cb}</UniqueIdentifier>
    </Filter>
    <Filter Include="Sources\Libraries">
      <UniqueIdentifier>{1b7cfd87-cc6f-45da-847a-931bd8273830}</UniqueIdentifier>
    </Filter>
    <Filter Include="Headers\utils\CUDA">
      <UniqueIdentifier>{45b0fcfe-62df-4731-800e-0d9c100845ff}</UniqueIdentifier>
    </Filter>
    <Filter Include="Shaders">
      <UniqueIdentifier>{1a0ddd0a-3d06-43e0-adf8-395baa1fc904}</UniqueIdentifier>
    </Filter>
  </ItemGroup>
  <ItemGroup>
    <ClInclude Include="utils\window.h">
      <Filter>Headers\utils</Filter>
    </ClInclude>
    <ClInclude Include="utils\cuda_utils.cuh">
      <Filter>Headers\utils\CUDA</Filter>
    </ClInclude>
    <ClInclude Include="utils\entity.h">
      <Filter>Headers\utils</Filter>
    </ClInclude>
    <ClInclude Include="utils\mesh.h">
      <Filter>Headers\utils</Filter>
    </ClInclude>
    <ClInclude Include="utils\shader.h">
      <Filter>Headers\utils</Filter>
    </ClInclude>
  </ItemGroup>
  <ItemGroup>
    <CudaCompile Include="Main.cpp">
      <Filter>Sources</Filter>
    </CudaCompile>
  </ItemGroup>
  <ItemGroup>
    <ClCompile Include="..\..\..\Libraries\glad\glad.c">
      <Filter>Sources\Libraries</Filter>
    </ClCompile>
  </ItemGroup>
  <ItemGroup>
    <None Include="shaders\basic.frag">
      <Filter>Shaders</Filter>
    </None>
    <None Include="shaders\basic.vert">
      <Filter>Shaders</Filter>
    </None>
  </ItemGroup>
</Project>